// !$*UTF8*$!
{
	archiveVersion = 1;
	classes = {
	};
	objectVersion = 50;
	objects = {

/* Begin PBXBuildFile section */
		410AE123262E8F0900F8010C /* AppDelegate.swift in Sources */ = {isa = PBXBuildFile; fileRef = 410AE122262E8F0900F8010C /* AppDelegate.swift */; };
		410AE125262E8F0900F8010C /* SceneDelegate.swift in Sources */ = {isa = PBXBuildFile; fileRef = 410AE124262E8F0900F8010C /* SceneDelegate.swift */; };
		410AE127262E8F0900F8010C /* ViewController.swift in Sources */ = {isa = PBXBuildFile; fileRef = 410AE126262E8F0900F8010C /* ViewController.swift */; };
		410AE12A262E8F0900F8010C /* Main.storyboard in Resources */ = {isa = PBXBuildFile; fileRef = 410AE128262E8F0900F8010C /* Main.storyboard */; };
		410AE12C262E8F1000F8010C /* Assets.xcassets in Resources */ = {isa = PBXBuildFile; fileRef = 410AE12B262E8F1000F8010C /* Assets.xcassets */; };
		410AE12F262E8F1000F8010C /* LaunchScreen.storyboard in Resources */ = {isa = PBXBuildFile; fileRef = 410AE12D262E8F1000F8010C /* LaunchScreen.storyboard */; };
		418FDB37262E94D300C124CF /* sea.mp4 in Resources */ = {isa = PBXBuildFile; fileRef = 410AE138262E8F8000F8010C /* sea.mp4 */; };
/* End PBXBuildFile section */

/* Begin PBXFileReference section */
		410AE11F262E8F0900F8010C /* PlayMovieSample.app */ = {isa = PBXFileReference; explicitFileType = wrapper.application; includeInIndex = 0; path = PlayMovieSample.app; sourceTree = BUILT_PRODUCTS_DIR; };
		410AE122262E8F0900F8010C /* AppDelegate.swift */ = {isa = PBXFileReference; lastKnownFileType = sourcecode.swift; path = AppDelegate.swift; sourceTree = "<group>"; };
		410AE124262E8F0900F8010C /* SceneDelegate.swift */ = {isa = PBXFileReference; lastKnownFileType = sourcecode.swift; path = SceneDelegate.swift; sourceTree = "<group>"; };
		410AE126262E8F0900F8010C /* ViewController.swift */ = {isa = PBXFileReference; lastKnownFileType = sourcecode.swift; path = ViewController.swift; sourceTree = "<group>"; };
		410AE129262E8F0900F8010C /* Base */ = {isa = PBXFileReference; lastKnownFileType = file.storyboard; name = Base; path = Base.lproj/Main.storyboard; sourceTree = "<group>"; };
		410AE12B262E8F1000F8010C /* Assets.xcassets */ = {isa = PBXFileReference; lastKnownFileType = folder.assetcatalog; path = Assets.xcassets; sourceTree = "<group>"; };
		410AE12E262E8F1000F8010C /* Base */ = {isa = PBXFileReference; lastKnownFileType = file.storyboard; name = Base; path = Base.lproj/LaunchScreen.storyboard; sourceTree = "<group>"; };
		410AE130262E8F1000F8010C /* Info.plist */ = {isa = PBXFileReference; lastKnownFileType = text.plist.xml; path = Info.plist; sourceTree = "<group>"; };
		410AE138262E8F8000F8010C /* sea.mp4 */ = {isa = PBXFileReference; lastKnownFileType = file; path = sea.mp4; sourceTree = "<group>"; };
/* End PBXFileReference section */

/* Begin PBXFrameworksBuildPhase section */
		410AE11C262E8F0900F8010C /* Frameworks */ = {
			isa = PBXFrameworksBuildPhase;
			buildActionMask = 2147483647;
			files = (
			);
			runOnlyForDeploymentPostprocessing = 0;
		};
/* End PBXFrameworksBuildPhase section */

/* Begin PBXGroup section */
		410AE116262E8F0900F8010C = {
			isa = PBXGroup;
			children = (
				410AE121262E8F0900F8010C /* PlayMovieSample */,
				410AE120262E8F0900F8010C /* Products */,
			);
			sourceTree = "<group>";
		};
		410AE120262E8F0900F8010C /* Products */ = {
			isa = PBXGroup;
			children = (
				410AE11F262E8F0900F8010C /* PlayMovieSample.app */,
			);
			name = Products;
			sourceTree = "<group>";
		};
		410AE121262E8F0900F8010C /* PlayMovieSample */ = {
			isa = PBXGroup;
			children = (
				410AE137262E8F7000F8010C /* Resource */,
				410AE122262E8F0900F8010C /* AppDelegate.swift */,
				410AE124262E8F0900F8010C /* SceneDelegate.swift */,
				410AE126262E8F0900F8010C /* ViewController.swift */,
				410AE128262E8F0900F8010C /* Main.storyboard */,
				410AE12B262E8F1000F8010C /* Assets.xcassets */,
				410AE12D262E8F1000F8010C /* LaunchScreen.storyboard */,
				410AE130262E8F1000F8010C /* Info.plist */,
			);
			path = PlayMovieSample;
			sourceTree = "<group>";
		};
		410AE137262E8F7000F8010C /* Resource */ = {
			isa = PBXGroup;
			children = (
				410AE138262E8F8000F8010C /* sea.mp4 */,
			);
			path = Resource;
			sourceTree = "<group>";
		};
/* End PBXGroup section */

/* Begin PBXNativeTarget section */
		410AE11E262E8F0900F8010C /* PlayMovieSample */ = {
			isa = PBXNativeTarget;
			buildConfigurationList = 410AE133262E8F1000F8010C /* Build configuration list for PBXNativeTarget "PlayMovieSample" */;
			buildPhases = (
				410AE11B262E8F0900F8010C /* Sources */,
				410AE11C262E8F0900F8010C /* Frameworks */,
				410AE11D262E8F0900F8010C /* Resources */,
			);
			buildRules = (
			);
			dependencies = (
			);
			name = PlayMovieSample;
			productName = PlayMovieSample;
			productReference = 410AE11F262E8F0900F8010C /* PlayMovieSample.app */;
			productType = "com.apple.product-type.application";
		};
/* End PBXNativeTarget section */

/* Begin PBXProject section */
		410AE117262E8F0900F8010C /* Project object */ = {
			isa = PBXProject;
			attributes = {
				LastSwiftUpdateCheck = 1240;
				LastUpgradeCheck = 1240;
				TargetAttributes = {
					410AE11E262E8F0900F8010C = {
						CreatedOnToolsVersion = 12.4;
					};
				};
			};
			buildConfigurationList = 410AE11A262E8F0900F8010C /* Build configuration list for PBXProject "PlayMovieSample" */;
			compatibilityVersion = "Xcode 9.3";
			developmentRegion = en;
			hasScannedForEncodings = 0;
			knownRegions = (
				en,
				Base,
			);
			mainGroup = 410AE116262E8F0900F8010C;
			productRefGroup = 410AE120262E8F0900F8010C /* Products */;
			projectDirPath = "";
			projectRoot = "";
			targets = (
				410AE11E262E8F0900F8010C /* PlayMovieSample */,
			);
		};
/* End PBXProject section */

/* Begin PBXResourcesBuildPhase section */
		410AE11D262E8F0900F8010C /* Resources */ = {
			isa = PBXResourcesBuildPhase;
			buildActionMask = 2147483647;
			files = (
				418FDB37262E94D300C124CF /* sea.mp4 in Resources */,
				410AE12F262E8F1000F8010C /* LaunchScreen.storyboard in Resources */,
				410AE12C262E8F1000F8010C /* Assets.xcassets in Resources */,
				410AE12A262E8F0900F8010C /* Main.storyboard in Resources */,
			);
			runOnlyForDeploymentPostprocessing = 0;
		};
/* End PBXResourcesBuildPhase section */

/* Begin PBXSourcesBuildPhase section */
		410AE11B262E8F0900F8010C /* Sources */ = {
			isa = PBXSourcesBuildPhase;
			buildActionMask = 2147483647;
			files = (
				410AE127262E8F0900F8010C /* ViewController.swift in Sources */,
				410AE123262E8F0900F8010C /* AppDelegate.swift in Sources */,
				410AE125262E8F0900F8010C /* SceneDelegate.swift in Sources */,
			);
			runOnlyForDeploymentPostprocessing = 0;
		};
/* End PBXSourcesBuildPhase section */

/* Begin PBXVariantGroup section */
		410AE128262E8F0900F8010C /* Main.storyboard */ = {
			isa = PBXVariantGroup;
			children = (
				410AE129262E8F0900F8010C /* Base */,
			);
			name = Main.storyboard;
			sourceTree = "<group>";
		};
		410AE12D262E8F1000F8010C /* LaunchScreen.storyboard */ = {
			isa = PBXVariantGroup;
			children = (
				410AE12E262E8F1000F8010C /* Base */,
			);
			name = LaunchScreen.storyboard;
			sourceTree = "<group>";
		};
/* End PBXVariantGroup section */

/* Begin XCBuildConfiguration section */
		410AE131262E8F1000F8010C /* Debug */ = {
			isa = XCBuildConfiguration;
			buildSettings = {
				ALWAYS_SEARCH_USER_PATHS = NO;
				CLANG_ANALYZER_NONNULL = YES;
				CLANG_ANALYZER_NUMBER_OBJECT_CONVERSION = YES_AGGRESSIVE;
				CLANG_CXX_LANGUAGE_STANDARD = "gnu++14";
				CLANG_CXX_LIBRARY = "libc++";
				CLANG_ENABLE_MODULES = YES;
				CLANG_ENABLE_OBJC_ARC = YES;
				CLANG_ENABLE_OBJC_WEAK = YES;
				CLANG_WARN_BLOCK_CAPTURE_AUTORELEASING = YES;
				CLANG_WARN_BOOL_CONVERSION = YES;
				CLANG_WARN_COMMA = YES;
				CLANG_WARN_CONSTANT_CONVERSION = YES;
				CLANG_WARN_DEPRECATED_OBJC_IMPLEMENTATIONS = YES;
				CLANG_WARN_DIRECT_OBJC_ISA_USAGE = YES_ERROR;
				CLANG_WARN_DOCUMENTATION_COMMENTS = YES;
				CLANG_WARN_EMPTY_BODY = YES;
				CLANG_WARN_ENUM_CONVERSION = YES;
				CLANG_WARN_INFINITE_RECURSION = YES;
				CLANG_WARN_INT_CONVERSION = YES;
				CLANG_WARN_NON_LITERAL_NULL_CONVERSION = YES;
				CLANG_WARN_OBJC_IMPLICIT_RETAIN_SELF = YES;
				CLANG_WARN_OBJC_LITERAL_CONVERSION = YES;
				CLANG_WARN_OBJC_ROOT_CLASS = YES_ERROR;
				CLANG_WARN_QUOTED_INCLUDE_IN_FRAMEWORK_HEADER = YES;
				CLANG_WARN_RANGE_LOOP_ANALYSIS = YES;
				CLANG_WARN_STRICT_PROTOTYPES = YES;
				CLANG_WARN_SUSPICIOUS_MOVE = YES;
				CLANG_WARN_UNGUARDED_AVAILABILITY = YES_AGGRESSIVE;
				CLANG_WARN_UNREACHABLE_CODE = YES;
				CLANG_WARN__DUPLICATE_METHOD_MATCH = YES;
				COPY_PHASE_STRIP = NO;
				DEBUG_INFORMATION_FORMAT = dwarf;
				ENABLE_STRICT_OBJC_MSGSEND = YES;
				ENABLE_TESTABILITY = YES;
				GCC_C_LANGUAGE_STANDARD = gnu11;
				GCC_DYNAMIC_NO_PIC = NO;
				GCC_NO_COMMON_BLOCKS = YES;
				GCC_OPTIMIZATION_LEVEL = 0;
				GCC_PREPROCESSOR_DEFINITIONS = (
					"DEBUG=1",
					"$(inherited)",
				);
				GCC_WARN_64_TO_32_BIT_CONVERSION = YES;
				GCC_WARN_ABOUT_RETURN_TYPE = YES_ERROR;
				GCC_WARN_UNDECLARED_SELECTOR = YES;
				GCC_WARN_UNINITIALIZED_AUTOS = YES_AGGRESSIVE;
				GCC_WARN_UNUSED_FUNCTION = YES;
				GCC_WARN_UNUSED_VARIABLE = YES;
				IPHONEOS_DEPLOYMENT_TARGET = 14.4;
				MTL_ENABLE_DEBUG_INFO = INCLUDE_SOURCE;
				MTL_FAST_MATH = YES;
				ONLY_ACTIVE_ARCH = YES;
				SDKROOT = iphoneos;
				SWIFT_ACTIVE_COMPILATION_CONDITIONS = DEBUG;
				SWIFT_OPTIMIZATION_LEVEL = "-Onone";
			};
			name = Debug;
		};
		410AE132262E8F1000F8010C /* Release */ = {
			isa = XCBuildConfiguration;
			buildSettings = {
				ALWAYS_SEARCH_USER_PATHS = NO;
				CLANG_ANALYZER_NONNULL = YES;
				CLANG_ANALYZER_NUMBER_OBJECT_CONVERSION = YES_AGGRESSIVE;
				CLANG_CXX_LANGUAGE_STANDARD = "gnu++14";
				CLANG_CXX_LIBRARY = "libc++";
				CLANG_ENABLE_MODULES = YES;
				CLANG_ENABLE_OBJC_ARC = YES;
				CLANG_ENABLE_OBJC_WEAK = YES;
				CLANG_WARN_BLOCK_CAPTURE_AUTORELEASING = YES;
				CLANG_WARN_BOOL_CONVERSION = YES;
				CLANG_WARN_COMMA = YES;
				CLANG_WARN_CONSTANT_CONVERSION = YES;
				CLANG_WARN_DEPRECATED_OBJC_IMPLEMENTATIONS = YES;
				CLANG_WARN_DIRECT_OBJC_ISA_USAGE = YES_ERROR;
				CLANG_WARN_DOCUMENTATION_COMMENTS = YES;
				CLANG_WARN_EMPTY_BODY = YES;
				CLANG_WARN_ENUM_CONVERSION = YES;
				CLANG_WARN_INFINITE_RECURSION = YES;
				CLANG_WARN_INT_CONVERSION = YES;
				CLANG_WARN_NON_LITERAL_NULL_CONVERSION = YES;
				CLANG_WARN_OBJC_IMPLICIT_RETAIN_SELF = YES;
				CLANG_WARN_OBJC_LITERAL_CONVERSION = YES;
				CLANG_WARN_OBJC_ROOT_CLASS = YES_ERROR;
				CLANG_WARN_QUOTED_INCLUDE_IN_FRAMEWORK_HEADER = YES;
				CLANG_WARN_RANGE_LOOP_ANALYSIS = YES;
				CLANG_WARN_STRICT_PROTOTYPES = YES;
				CLANG_WARN_SUSPICIOUS_MOVE = YES;
				CLANG_WARN_UNGUARDED_AVAILABILITY = YES_AGGRESSIVE;
				CLANG_WARN_UNREACHABLE_CODE = YES;
				CLANG_WARN__DUPLICATE_METHOD_MATCH = YES;
				COPY_PHASE_STRIP = NO;
				DEBUG_INFORMATION_FORMAT = "dwarf-with-dsym";
				ENABLE_NS_ASSERTIONS = NO;
				ENABLE_STRICT_OBJC_MSGSEND = YES;
				GCC_C_LANGUAGE_STANDARD = gnu11;
				GCC_NO_COMMON_BLOCKS = YES;
				GCC_WARN_64_TO_32_BIT_CONVERSION = YES;
				GCC_WARN_ABOUT_RETURN_TYPE = YES_ERROR;
				GCC_WARN_UNDECLARED_SELECTOR = YES;
				GCC_WARN_UNINITIALIZED_AUTOS = YES_AGGRESSIVE;
				GCC_WARN_UNUSED_FUNCTION = YES;
				GCC_WARN_UNUSED_VARIABLE = YES;
				IPHONEOS_DEPLOYMENT_TARGET = 14.4;
				MTL_ENABLE_DEBUG_INFO = NO;
				MTL_FAST_MATH = YES;
				SDKROOT = iphoneos;
				SWIFT_COMPILATION_MODE = wholemodule;
				SWIFT_OPTIMIZATION_LEVEL = "-O";
				VALIDATE_PRODUCT = YES;
			};
			name = Release;
		};
		410AE134262E8F1000F8010C /* Debug */ = {
			isa = XCBuildConfiguration;
			buildSettings = {
				ASSETCATALOG_COMPILER_APPICON_NAME = AppIcon;
				ASSETCATALOG_COMPILER_GLOBAL_ACCENT_COLOR_NAME = AccentColor;
				CODE_SIGN_STYLE = Automatic;
				DEVELOPMENT_TEAM = PCCZJUYRT6;
				INFOPLIST_FILE = PlayMovieSample/Info.plist;
				LD_RUNPATH_SEARCH_PATHS = (
					"$(inherited)",
					"@executable_path/Frameworks",
				);
				PRODUCT_BUNDLE_IDENTIFIER = com.kaoki.PlayMovieSample;
				PRODUCT_NAME = "$(TARGET_NAME)";
				SWIFT_VERSION = 5.0;
				TARGETED_DEVICE_FAMILY = "1,2";
			};
			name = Debug;
		};
		410AE135262E8F1000F8010C /* Release */ = {
			isa = XCBuildConfiguration;
			buildSettings = {
				ASSETCATALOG_COMPILER_APPICON_NAME = AppIcon;
				ASSETCATALOG_COMPILER_GLOBAL_ACCENT_COLOR_NAME = AccentColor;
				CODE_SIGN_STYLE = Automatic;
				DEVELOPMENT_TEAM = PCCZJUYRT6;
				INFOPLIST_FILE = PlayMovieSample/Info.plist;
				LD_RUNPATH_SEARCH_PATHS = (
					"$(inherited)",
					"@executable_path/Frameworks",
				);
				PRODUCT_BUNDLE_IDENTIFIER = com.kaoki.PlayMovieSample;
				PRODUCT_NAME = "$(TARGET_NAME)";
				SWIFT_VERSION = 5.0;
				TARGETED_DEVICE_FAMILY = "1,2";
			};
			name = Release;
		};
/* End XCBuildConfiguration section */

/* Begin XCConfigurationList section */
		410AE11A262E8F0900F8010C /* Build configuration list for PBXProject "PlayMovieSample" */ = {
			isa = XCConfigurationList;
			buildConfigurations = (
				410AE131262E8F1000F8010C /* Debug */,
				410AE132262E8F1000F8010C /* Release */,
			);
			defaultConfigurationIsVisible = 0;
			defaultConfigurationName = Release;
		};
		410AE133262E8F1000F8010C /* Build configuration list for PBXNativeTarget "PlayMovieSample" */ = {
			isa = XCConfigurationList;
			buildConfigurations = (
				410AE134262E8F1000F8010C /* Debug */,
				410AE135262E8F1000F8010C /* Release */,
			);
			defaultConfigurationIsVisible = 0;
			defaultConfigurationName = Release;
		};
/* End XCConfigurationList section */
	};
	rootObject = 410AE117262E8F0900F8010C /* Project object */;
}
